
Microsoft Visual Studio Solution File, Format Version 12.00
# Visual Studio 15
VisualStudioVersion = 15.0.25807.0
MinimumVisualStudioVersion = 10.0.40219.1
Project("{2150E333-8FDC-42A3-9474-1A3956D46DE8}") = "Engine", "Engine", "{775A00B1-C081-496D-B06D-25F599CCE071}"
EndProject
Project("{2150E333-8FDC-42A3-9474-1A3956D46DE8}") = "Games", "Games", "{20B56CD8-F2FE-4F98-A5F3-A9D30E3011C8}"
EndProject
Project("{8BC9CEB8-8B4A-11D0-8D11-00A0C91BC942}") = "UE4", "Intermediate\ProjectFiles\UE4.vcxproj", "{7D445322-7F57-4BC2-9326-4B69A582760D}"
EndProject
Project("{8BC9CEB8-8B4A-11D0-8D11-00A0C91BC942}") = "Proyecto1_Leyenda", "Intermediate\ProjectFiles\Proyecto1_Leyenda.vcxproj", "{009B8269-68FD-4FD5-AF36-7028B7A90906}"
EndProject
Project("{2150E333-8FDC-42A3-9474-1A3956D46DE8}") = "Visualizers", "Visualizers", "{367BB74F-270D-4CD3-BEB4-F00A386569D0}"
	ProjectSection(SolutionItems) = preProject
		..\..\..\..\..\Program Files\Epic Games\UE_4.24\Engine\Extras\VisualStudioDebugging\UE4.natvis = ..\..\..\..\..\Program Files\Epic Games\UE_4.24\Engine\Extras\VisualStudioDebugging\UE4.natvis
	EndProjectSection
EndProject
Global
	GlobalSection(SolutionConfigurationPlatforms) = preSolution
		DebugGame Editor|Win32 = DebugGame Editor|Win32
		DebugGame Editor|Win64 = DebugGame Editor|Win64
		DebugGame|Win32 = DebugGame|Win32
		DebugGame|Win64 = DebugGame|Win64
		Development Editor|Win32 = Development Editor|Win32
		Development Editor|Win64 = Development Editor|Win64
		Development|Win32 = Development|Win32
		Development|Win64 = Development|Win64
		Shipping|Win32 = Shipping|Win32
		Shipping|Win64 = Shipping|Win64
	EndGlobalSection
	GlobalSection(ProjectConfigurationPlatforms) = postSolution
		{7D445322-7F57-4BC2-9326-4B69A582760D}.DebugGame Editor|Win32.ActiveCfg = BuiltWithUnrealBuildTool|Win32
		{7D445322-7F57-4BC2-9326-4B69A582760D}.DebugGame Editor|Win64.ActiveCfg = BuiltWithUnrealBuildTool|Win32
		{7D445322-7F57-4BC2-9326-4B69A582760D}.DebugGame|Win32.ActiveCfg = BuiltWithUnrealBuildTool|Win32
		{7D445322-7F57-4BC2-9326-4B69A582760D}.DebugGame|Win64.ActiveCfg = BuiltWithUnrealBuildTool|Win32
		{7D445322-7F57-4BC2-9326-4B69A582760D}.Development Editor|Win32.ActiveCfg = BuiltWithUnrealBuildTool|Win32
		{7D445322-7F57-4BC2-9326-4B69A582760D}.Development Editor|Win64.ActiveCfg = BuiltWithUnrealBuildTool|Win32
		{7D445322-7F57-4BC2-9326-4B69A582760D}.Development|Win32.ActiveCfg = BuiltWithUnrealBuildTool|Win32
		{7D445322-7F57-4BC2-9326-4B69A582760D}.Development|Win64.ActiveCfg = BuiltWithUnrealBuildTool|Win32
		{7D445322-7F57-4BC2-9326-4B69A582760D}.Shipping|Win32.ActiveCfg = BuiltWithUnrealBuildTool|Win32
		{7D445322-7F57-4BC2-9326-4B69A582760D}.Shipping|Win64.ActiveCfg = BuiltWithUnrealBuildTool|Win32
		{009B8269-68FD-4FD5-AF36-7028B7A90906}.DebugGame Editor|Win32.ActiveCfg = Invalid|Win32
		{009B8269-68FD-4FD5-AF36-7028B7A90906}.DebugGame Editor|Win64.ActiveCfg = DebugGame_Editor|x64
		{009B8269-68FD-4FD5-AF36-7028B7A90906}.DebugGame Editor|Win64.Build.0 = DebugGame_Editor|x64
		{009B8269-68FD-4FD5-AF36-7028B7A90906}.DebugGame|Win32.ActiveCfg = DebugGame|Win32
		{009B8269-68FD-4FD5-AF36-7028B7A90906}.DebugGame|Win32.Build.0 = DebugGame|Win32
		{009B8269-68FD-4FD5-AF36-7028B7A90906}.DebugGame|Win64.ActiveCfg = DebugGame|x64
		{009B8269-68FD-4FD5-AF36-7028B7A90906}.DebugGame|Win64.Build.0 = DebugGame|x64
		{009B8269-68FD-4FD5-AF36-7028B7A90906}.Development Editor|Win32.ActiveCfg = Invalid|Win32
		{009B8269-68FD-4FD5-AF36-7028B7A90906}.Development Editor|Win64.ActiveCfg = Development_Editor|x64
		{009B8269-68FD-4FD5-AF36-7028B7A90906}.Development Editor|Win64.Build.0 = Development_Editor|x64
		{009B8269-68FD-4FD5-AF36-7028B7A90906}.Development|Win32.ActiveCfg = Development|Win32
		{009B8269-68FD-4FD5-AF36-7028B7A90906}.Development|Win32.Build.0 = Development|Win32
		{009B8269-68FD-4FD5-AF36-7028B7A90906}.Development|Win64.ActiveCfg = Development|x64
		{009B8269-68FD-4FD5-AF36-7028B7A90906}.Development|Win64.Build.0 = Development|x64
		{009B8269-68FD-4FD5-AF36-7028B7A90906}.Shipping|Win32.ActiveCfg = Shipping|Win32
		{009B8269-68FD-4FD5-AF36-7028B7A90906}.Shipping|Win32.Build.0 = Shipping|Win32
		{009B8269-68FD-4FD5-AF36-7028B7A90906}.Shipping|Win64.ActiveCfg = Shipping|x64
		{009B8269-68FD-4FD5-AF36-7028B7A90906}.Shipping|Win64.Build.0 = Shipping|x64
	EndGlobalSection
	GlobalSection(SolutionProperties) = preSolution
		HideSolutionNode = FALSE
	EndGlobalSection
	GlobalSection(NestedProjects) = preSolution
		{7D445322-7F57-4BC2-9326-4B69A582760D} = {775A00B1-C081-496D-B06D-25F599CCE071}
		{009B8269-68FD-4FD5-AF36-7028B7A90906} = {20B56CD8-F2FE-4F98-A5F3-A9D30E3011C8}
	EndGlobalSection
EndGlobal
